{
  "name": "landing-pages",
  "version": "1.0.0",
  "lockfileVersion": 2,
  "requires": true,
  "dependencies": {
    "next": {
      "version": "14.2.3",
      "resolved": "https://registry.npmjs.org/next/-/next-14.2.3.tgz",
      "integrity": "sha512-RhAIUODeU+E8EGbb3e5VMEDYhCYo98rqzqgCfTPTvlXKkrTZv5OjMRm+6vLBc/0/bs/5U4CjZ+33rZdpm3H8pQ==",
      "requires": {
        "@types/react": "^17.0.39",
        "crypto-browserify": "^3.12.0",
        "dotenv": "^10.0.0",
        "fs-extra": "^10.0.0",
        "loader-utils": "^3.0.0",
        "path-parse": "^1.0.7",
        "react-is": "^18.0.0",
        "styled-jsx": "^5.0.1",
        "webpack": "5.67.0"
      }
    },
    "react": {
      "version": "18.3.1",
      "resolved": "https://registry.npmjs.org/react/-/react-18.3.1.tgz",
      "integrity": "sha512-t0EJ5Rgu4uwIhh5QxVdcbP0JHuzXdf+FoPRs+ZB7tTnYWfbxObQkz64irr8MiP3ZqgKs4KxqN9Ob+0Pzl7b5pA==",
      "requires": {
        "loose-envify": "^1.1.0",
        "object-assign": "^4.1.1"
      }
    },
    "react-dom": {
      "version": "18.3.1",
      "resolved": "https://registry.npmjs.org/react-dom/-/react-dom-18.3.1.tgz",
      "integrity": "sha512-W1DP2pQ/49XbUMCP85fWCjCTl7Bp1XswYByfQNlKf3aQmnHv86/l1KYM0vzXKYaLhvQLeOeO/Ff0fIjYvZ85gw==",
      "requires": {
        "loose-envify": "^1.1.0",
        "object-assign": "^4.1.1"
      }
    }
  }
}
